<?xml version="1.0" encoding="utf-8"?>
<Project ToolsVersion="4.0" xmlns="http://schemas.microsoft.com/developer/msbuild/2003">
  <ItemGroup>
    <Filter Include="ソース ファイル">
      <UniqueIdentifier>{4FC737F1-C7A5-4376-A066-2A32D752A2FF}</UniqueIdentifier>
      <Extensions>cpp;c;cc;cxx;def;odl;idl;hpj;bat;asm;asmx</Extensions>
    </Filter>
    <Filter Include="MyLib">
      <UniqueIdentifier>{a7470f37-c5c2-41b7-b850-d52ad8defc41}</UniqueIdentifier>
    </Filter>
    <Filter Include="Environment">
      <UniqueIdentifier>{5541fda2-d8d2-497c-9729-c3f2e0b56939}</UniqueIdentifier>
    </Filter>
  </ItemGroup>
  <ItemGroup>
    <ClCompile Include="main.cpp">
      <Filter>ソース ファイル</Filter>
    </ClCompile>
    <ClCompile Include="Player.cpp">
      <Filter>ソース ファイル</Filter>
    </ClCompile>
    <ClCompile Include="Color.cpp">
      <Filter>MyLib</Filter>
    </ClCompile>
    <ClCompile Include="Box.cpp">
      <Filter>MyLib</Filter>
    </ClCompile>
    <ClCompile Include="Input.cpp">
      <Filter>ソース ファイル</Filter>
    </ClCompile>
    <ClCompile Include="Camera.cpp">
      <Filter>ソース ファイル</Filter>
    </ClCompile>
    <ClCompile Include="Stage.cpp">
      <Filter>Environment</Filter>
    </ClCompile>
    <ClCompile Include="Skydome.cpp">
      <Filter>Environment</Filter>
    </ClCompile>
  </ItemGroup>
  <ItemGroup>
    <ClInclude Include="Player.h">
      <Filter>ソース ファイル</Filter>
    </ClInclude>
    <ClInclude Include="Pallet.h">
      <Filter>MyLib</Filter>
    </ClInclude>
    <ClInclude Include="Color.h">
      <Filter>MyLib</Filter>
    </ClInclude>
    <ClInclude Include="Box.h">
      <Filter>MyLib</Filter>
    </ClInclude>
    <ClInclude Include="Input.h">
      <Filter>ソース ファイル</Filter>
    </ClInclude>
    <ClInclude Include="Camera.h">
      <Filter>ソース ファイル</Filter>
    </ClInclude>
    <ClInclude Include="Stage.h">
      <Filter>Environment</Filter>
    </ClInclude>
    <ClInclude Include="Skydome.h">
      <Filter>Environment</Filter>
    </ClInclude>
  </ItemGroup>
</Project>